
Microsoft Visual Studio Solution File, Format Version 11.00
# Visual Studio 2010
Project("{FAE04EC0-301F-11D3-BF4B-00C04F79EFBC}") = "desktop", "desktop\desktop.csproj", "{1D9FC8A2-780D-4DB5-B5EF-8ADF9FD5E171}"
EndProject
Project("{FAE04EC0-301F-11D3-BF4B-00C04F79EFBC}") = "shared", "shared\shared.csproj", "{7893B3B9-1140-48C2-AB32-733E7339C4F1}"
EndProject
Project("{FAE04EC0-301F-11D3-BF4B-00C04F79EFBC}") = "probgui", "probgui\probgui.csproj", "{314C6F75-2CBE-4B47-9733-D368C9524FE2}"
EndProject
Global
	GlobalSection(SolutionConfigurationPlatforms) = preSolution
		Debug|Any CPU = Debug|Any CPU
		Release|Any CPU = Release|Any CPU
	EndGlobalSection
	GlobalSection(ProjectConfigurationPlatforms) = postSolution
		{1D9FC8A2-780D-4DB5-B5EF-8ADF9FD5E171}.Debug|Any CPU.ActiveCfg = Debug|Any CPU
		{1D9FC8A2-780D-4DB5-B5EF-8ADF9FD5E171}.Debug|Any CPU.Build.0 = Debug|Any CPU
		{1D9FC8A2-780D-4DB5-B5EF-8ADF9FD5E171}.Release|Any CPU.ActiveCfg = Release|Any CPU
		{1D9FC8A2-780D-4DB5-B5EF-8ADF9FD5E171}.Release|Any CPU.Build.0 = Release|Any CPU
		{7893B3B9-1140-48C2-AB32-733E7339C4F1}.Debug|Any CPU.ActiveCfg = Debug|Any CPU
		{7893B3B9-1140-48C2-AB32-733E7339C4F1}.Debug|Any CPU.Build.0 = Debug|Any CPU
		{7893B3B9-1140-48C2-AB32-733E7339C4F1}.Release|Any CPU.ActiveCfg = Release|Any CPU
		{7893B3B9-1140-48C2-AB32-733E7339C4F1}.Release|Any CPU.Build.0 = Release|Any CPU
		{314C6F75-2CBE-4B47-9733-D368C9524FE2}.Debug|Any CPU.ActiveCfg = Debug|Any CPU
		{314C6F75-2CBE-4B47-9733-D368C9524FE2}.Debug|Any CPU.Build.0 = Debug|Any CPU
		{314C6F75-2CBE-4B47-9733-D368C9524FE2}.Release|Any CPU.ActiveCfg = Release|Any CPU
	EndGlobalSection
	GlobalSection(SolutionProperties) = preSolution
		HideSolutionNode = FALSE
	EndGlobalSection
EndGlobal
